
Microsoft Visual Studio Solution File, Format Version 12.00
# Visual Studio 15
VisualStudioVersion = 15.0.27428.2011
MinimumVisualStudioVersion = 10.0.40219.1
Project("{FAE04EC0-301F-11D3-BF4B-00C04F79EFBC}") = "propagandaMachine", "propagandaMachine\propagandaMachine.csproj", "{E9BEC979-4E89-4DBE-9526-8B4335309607}"
EndProject
Global
	GlobalSection(SolutionConfigurationPlatforms) = preSolution
		Debug|Any CPU = Debug|Any CPU
		Release|Any CPU = Release|Any CPU
	EndGlobalSection
	GlobalSection(ProjectConfigurationPlatforms) = postSolution
		{E9BEC979-4E89-4DBE-9526-8B4335309607}.Debug|Any CPU.ActiveCfg = Debug|Any CPU
		{E9BEC979-4E89-4DBE-9526-8B4335309607}.Debug|Any CPU.Build.0 = Debug|Any CPU
		{E9BEC979-4E89-4DBE-9526-8B4335309607}.Release|Any CPU.ActiveCfg = Release|Any CPU
		{E9BEC979-4E89-4DBE-9526-8B4335309607}.Release|Any CPU.Build.0 = Release|Any CPU
	EndGlobalSection
	GlobalSection(SolutionProperties) = preSolution
		HideSolutionNode = FALSE
	EndGlobalSection
	GlobalSection(ExtensibilityGlobals) = postSolution
		SolutionGuid = {28F05CC5-6C17-4A35-BA42-18865007ECB5}
	EndGlobalSection
EndGlobal
